
Microsoft Visual Studio Solution File, Format Version 12.00
# Visual Studio Version 17
VisualStudioVersion = 17.3.32804.467
MinimumVisualStudioVersion = 10.0.40219.1
Project("{2150E333-8FDC-42A3-9474-1A3956D46DE8}") = "utest", "utest", "{89DDDCE0-F344-4B26-8A1C-97899AEFBE95}"
	ProjectSection(SolutionItems) = preProject
		utest\makefile = utest\makefile
	EndProjectSection
EndProject
Project("{FAE04EC0-301F-11D3-BF4B-00C04F79EFBC}") = "unit_test_driver", "..\unit_test_driver\unit_test_driver.csproj", "{587E0562-72B0-4944-A09E-AA91378A6EFA}"
EndProject
Project("{2150E333-8FDC-42A3-9474-1A3956D46DE8}") = "Resources", "Resources", "{1C455CFF-A48B-435B-93E4-1F6118F3376C}"
	ProjectSection(SolutionItems) = preProject
		utest\makefile = utest\makefile
	EndProjectSection
EndProject
Project("{2150E333-8FDC-42A3-9474-1A3956D46DE8}") = "library", "library", "{5E2D3E0F-3BAB-463F-A9F1-745A90617C24}"
EndProject
Project("{6989167D-11E4-40FE-8C1A-2192A86A7E90}") = "Fommons", "Fommons.vfproj", "{5A255DD3-8AAD-4EB7-9FA8-8065A0B9EA82}"
EndProject
Project("{6989167D-11E4-40FE-8C1A-2192A86A7E90}") = "unit_m_file_handler", "utest\unit_m_file_handler\unit_m_file_handler.vfproj", "{7C46893E-1B68-4F7D-B113-A639C1B9AC93}"
	ProjectSection(ProjectDependencies) = postProject
		{5A255DD3-8AAD-4EB7-9FA8-8065A0B9EA82} = {5A255DD3-8AAD-4EB7-9FA8-8065A0B9EA82}
		{CB98DE4E-28F8-4983-91B9-D5C179E97364} = {CB98DE4E-28F8-4983-91B9-D5C179E97364}
	EndProjectSection
EndProject
Project("{2150E333-8FDC-42A3-9474-1A3956D46DE8}") = "external", "external", "{11DF3D31-753D-403A-AB77-E1808D168FDD}"
EndProject
Project("{6989167D-11E4-40FE-8C1A-2192A86A7E90}") = "unit_m_iso8601_date", "utest\unit_m_iso8601_date\unit_m_iso8601_date.vfproj", "{0F71496C-9D63-453A-9DE9-1922862E0FC1}"
	ProjectSection(ProjectDependencies) = postProject
		{5A255DD3-8AAD-4EB7-9FA8-8065A0B9EA82} = {5A255DD3-8AAD-4EB7-9FA8-8065A0B9EA82}
		{CB98DE4E-28F8-4983-91B9-D5C179E97364} = {CB98DE4E-28F8-4983-91B9-D5C179E97364}
	EndProjectSection
EndProject
Project("{6989167D-11E4-40FE-8C1A-2192A86A7E90}") = "unit_m_iso8601_date_time", "utest\unit_m_iso8601_date_time\unit_m_iso8601_date_time.vfproj", "{07E88302-5459-4373-9CB9-602D804E1DBA}"
	ProjectSection(ProjectDependencies) = postProject
		{5A255DD3-8AAD-4EB7-9FA8-8065A0B9EA82} = {5A255DD3-8AAD-4EB7-9FA8-8065A0B9EA82}
		{CB98DE4E-28F8-4983-91B9-D5C179E97364} = {CB98DE4E-28F8-4983-91B9-D5C179E97364}
	EndProjectSection
EndProject
Project("{6989167D-11E4-40FE-8C1A-2192A86A7E90}") = "unit_m_iso8601_time", "utest\unit_m_iso8601_time\unit_m_iso8601_time.vfproj", "{7FD2F9BB-6B20-409E-948D-04D5C5E6E6A9}"
	ProjectSection(ProjectDependencies) = postProject
		{5A255DD3-8AAD-4EB7-9FA8-8065A0B9EA82} = {5A255DD3-8AAD-4EB7-9FA8-8065A0B9EA82}
		{CB98DE4E-28F8-4983-91B9-D5C179E97364} = {CB98DE4E-28F8-4983-91B9-D5C179E97364}
	EndProjectSection
EndProject
Project("{6989167D-11E4-40FE-8C1A-2192A86A7E90}") = "unit_m_messages", "utest\unit_m_messages\unit_m_messages.vfproj", "{B0743404-62A7-40E5-BE7E-C14F56AE5BDF}"
	ProjectSection(ProjectDependencies) = postProject
		{5A255DD3-8AAD-4EB7-9FA8-8065A0B9EA82} = {5A255DD3-8AAD-4EB7-9FA8-8065A0B9EA82}
		{CB98DE4E-28F8-4983-91B9-D5C179E97364} = {CB98DE4E-28F8-4983-91B9-D5C179E97364}
	EndProjectSection
EndProject
Project("{6989167D-11E4-40FE-8C1A-2192A86A7E90}") = "unit_m_object", "utest\unit_m_object\unit_m_object.vfproj", "{071CA17C-5ADE-492C-AB89-6452E5A6E722}"
	ProjectSection(ProjectDependencies) = postProject
		{5A255DD3-8AAD-4EB7-9FA8-8065A0B9EA82} = {5A255DD3-8AAD-4EB7-9FA8-8065A0B9EA82}
		{CB98DE4E-28F8-4983-91B9-D5C179E97364} = {CB98DE4E-28F8-4983-91B9-D5C179E97364}
	EndProjectSection
EndProject
Project("{6989167D-11E4-40FE-8C1A-2192A86A7E90}") = "unit_m_path", "utest\unit_m_path\unit_m_path.vfproj", "{DE60C4FB-2501-455D-BE7A-82E46DAF034E}"
	ProjectSection(ProjectDependencies) = postProject
		{5A255DD3-8AAD-4EB7-9FA8-8065A0B9EA82} = {5A255DD3-8AAD-4EB7-9FA8-8065A0B9EA82}
		{CB98DE4E-28F8-4983-91B9-D5C179E97364} = {CB98DE4E-28F8-4983-91B9-D5C179E97364}
	EndProjectSection
EndProject
Project("{6989167D-11E4-40FE-8C1A-2192A86A7E90}") = "unit_m_string", "utest\unit_m_string\unit_m_string.vfproj", "{A1EC8B1E-6A8D-4C24-9F77-B44103A3778B}"
	ProjectSection(ProjectDependencies) = postProject
		{5A255DD3-8AAD-4EB7-9FA8-8065A0B9EA82} = {5A255DD3-8AAD-4EB7-9FA8-8065A0B9EA82}
		{CB98DE4E-28F8-4983-91B9-D5C179E97364} = {CB98DE4E-28F8-4983-91B9-D5C179E97364}
	EndProjectSection
EndProject
Project("{6989167D-11E4-40FE-8C1A-2192A86A7E90}") = "unit_m_util_convert", "utest\unit_m_util_convert\unit_m_util_convert.vfproj", "{528FD715-6B62-459C-BB0E-01FE1AC95F13}"
	ProjectSection(ProjectDependencies) = postProject
		{5A255DD3-8AAD-4EB7-9FA8-8065A0B9EA82} = {5A255DD3-8AAD-4EB7-9FA8-8065A0B9EA82}
		{CB98DE4E-28F8-4983-91B9-D5C179E97364} = {CB98DE4E-28F8-4983-91B9-D5C179E97364}
	EndProjectSection
EndProject
Project("{6989167D-11E4-40FE-8C1A-2192A86A7E90}") = "xfunit", "..\..\XFunit\src\xfunit.vfproj", "{CB98DE4E-28F8-4983-91B9-D5C179E97364}"
EndProject
Project("{6989167D-11E4-40FE-8C1A-2192A86A7E90}") = "unit_m_c_string", "utest\unit_m_c_string\unit_m_c_string.vfproj", "{6102B2F6-1B9A-47E7-8A88-AF8D8C44FAA8}"
	ProjectSection(ProjectDependencies) = postProject
		{5A255DD3-8AAD-4EB7-9FA8-8065A0B9EA82} = {5A255DD3-8AAD-4EB7-9FA8-8065A0B9EA82}
		{CB98DE4E-28F8-4983-91B9-D5C179E97364} = {CB98DE4E-28F8-4983-91B9-D5C179E97364}
	EndProjectSection
EndProject
Global
	GlobalSection(SolutionConfigurationPlatforms) = preSolution
		Debug|Any CPU = Debug|Any CPU
		Debug|x64 = Debug|x64
		Debug|x86 = Debug|x86
		Release|Any CPU = Release|Any CPU
		Release|x64 = Release|x64
		Release|x86 = Release|x86
	EndGlobalSection
	GlobalSection(ProjectConfigurationPlatforms) = postSolution
		{587E0562-72B0-4944-A09E-AA91378A6EFA}.Debug|Any CPU.ActiveCfg = Debug|Any CPU
		{587E0562-72B0-4944-A09E-AA91378A6EFA}.Debug|Any CPU.Build.0 = Debug|Any CPU
		{587E0562-72B0-4944-A09E-AA91378A6EFA}.Debug|x64.ActiveCfg = Debug|Any CPU
		{587E0562-72B0-4944-A09E-AA91378A6EFA}.Debug|x64.Build.0 = Debug|Any CPU
		{587E0562-72B0-4944-A09E-AA91378A6EFA}.Debug|x86.ActiveCfg = Debug|Any CPU
		{587E0562-72B0-4944-A09E-AA91378A6EFA}.Debug|x86.Build.0 = Debug|Any CPU
		{587E0562-72B0-4944-A09E-AA91378A6EFA}.Release|Any CPU.ActiveCfg = Release|Any CPU
		{587E0562-72B0-4944-A09E-AA91378A6EFA}.Release|Any CPU.Build.0 = Release|Any CPU
		{587E0562-72B0-4944-A09E-AA91378A6EFA}.Release|x64.ActiveCfg = Release|Any CPU
		{587E0562-72B0-4944-A09E-AA91378A6EFA}.Release|x64.Build.0 = Release|Any CPU
		{587E0562-72B0-4944-A09E-AA91378A6EFA}.Release|x86.ActiveCfg = Release|Any CPU
		{587E0562-72B0-4944-A09E-AA91378A6EFA}.Release|x86.Build.0 = Release|Any CPU
		{5A255DD3-8AAD-4EB7-9FA8-8065A0B9EA82}.Debug|Any CPU.ActiveCfg = Debug|x64
		{5A255DD3-8AAD-4EB7-9FA8-8065A0B9EA82}.Debug|Any CPU.Build.0 = Debug|x64
		{5A255DD3-8AAD-4EB7-9FA8-8065A0B9EA82}.Debug|x64.ActiveCfg = Debug|x64
		{5A255DD3-8AAD-4EB7-9FA8-8065A0B9EA82}.Debug|x64.Build.0 = Debug|x64
		{5A255DD3-8AAD-4EB7-9FA8-8065A0B9EA82}.Debug|x86.ActiveCfg = Debug|Win32
		{5A255DD3-8AAD-4EB7-9FA8-8065A0B9EA82}.Debug|x86.Build.0 = Debug|Win32
		{5A255DD3-8AAD-4EB7-9FA8-8065A0B9EA82}.Release|Any CPU.ActiveCfg = Release|x64
		{5A255DD3-8AAD-4EB7-9FA8-8065A0B9EA82}.Release|Any CPU.Build.0 = Release|x64
		{5A255DD3-8AAD-4EB7-9FA8-8065A0B9EA82}.Release|x64.ActiveCfg = Release|x64
		{5A255DD3-8AAD-4EB7-9FA8-8065A0B9EA82}.Release|x64.Build.0 = Release|x64
		{5A255DD3-8AAD-4EB7-9FA8-8065A0B9EA82}.Release|x86.ActiveCfg = Release|Win32
		{5A255DD3-8AAD-4EB7-9FA8-8065A0B9EA82}.Release|x86.Build.0 = Release|Win32
		{7C46893E-1B68-4F7D-B113-A639C1B9AC93}.Debug|Any CPU.ActiveCfg = Debug|x64
		{7C46893E-1B68-4F7D-B113-A639C1B9AC93}.Debug|Any CPU.Build.0 = Debug|x64
		{7C46893E-1B68-4F7D-B113-A639C1B9AC93}.Debug|x64.ActiveCfg = Debug|x64
		{7C46893E-1B68-4F7D-B113-A639C1B9AC93}.Debug|x64.Build.0 = Debug|x64
		{7C46893E-1B68-4F7D-B113-A639C1B9AC93}.Debug|x86.ActiveCfg = Debug|Win32
		{7C46893E-1B68-4F7D-B113-A639C1B9AC93}.Debug|x86.Build.0 = Debug|Win32
		{7C46893E-1B68-4F7D-B113-A639C1B9AC93}.Release|Any CPU.ActiveCfg = Release|x64
		{7C46893E-1B68-4F7D-B113-A639C1B9AC93}.Release|Any CPU.Build.0 = Release|x64
		{7C46893E-1B68-4F7D-B113-A639C1B9AC93}.Release|x64.ActiveCfg = Release|x64
		{7C46893E-1B68-4F7D-B113-A639C1B9AC93}.Release|x64.Build.0 = Release|x64
		{7C46893E-1B68-4F7D-B113-A639C1B9AC93}.Release|x86.ActiveCfg = Release|Win32
		{7C46893E-1B68-4F7D-B113-A639C1B9AC93}.Release|x86.Build.0 = Release|Win32
		{0F71496C-9D63-453A-9DE9-1922862E0FC1}.Debug|Any CPU.ActiveCfg = Debug|x64
		{0F71496C-9D63-453A-9DE9-1922862E0FC1}.Debug|Any CPU.Build.0 = Debug|x64
		{0F71496C-9D63-453A-9DE9-1922862E0FC1}.Debug|x64.ActiveCfg = Debug|x64
		{0F71496C-9D63-453A-9DE9-1922862E0FC1}.Debug|x64.Build.0 = Debug|x64
		{0F71496C-9D63-453A-9DE9-1922862E0FC1}.Debug|x86.ActiveCfg = Debug|Win32
		{0F71496C-9D63-453A-9DE9-1922862E0FC1}.Debug|x86.Build.0 = Debug|Win32
		{0F71496C-9D63-453A-9DE9-1922862E0FC1}.Release|Any CPU.ActiveCfg = Release|x64
		{0F71496C-9D63-453A-9DE9-1922862E0FC1}.Release|Any CPU.Build.0 = Release|x64
		{0F71496C-9D63-453A-9DE9-1922862E0FC1}.Release|x64.ActiveCfg = Release|x64
		{0F71496C-9D63-453A-9DE9-1922862E0FC1}.Release|x64.Build.0 = Release|x64
		{0F71496C-9D63-453A-9DE9-1922862E0FC1}.Release|x86.ActiveCfg = Release|Win32
		{0F71496C-9D63-453A-9DE9-1922862E0FC1}.Release|x86.Build.0 = Release|Win32
		{07E88302-5459-4373-9CB9-602D804E1DBA}.Debug|Any CPU.ActiveCfg = Debug|x64
		{07E88302-5459-4373-9CB9-602D804E1DBA}.Debug|Any CPU.Build.0 = Debug|x64
		{07E88302-5459-4373-9CB9-602D804E1DBA}.Debug|x64.ActiveCfg = Debug|x64
		{07E88302-5459-4373-9CB9-602D804E1DBA}.Debug|x64.Build.0 = Debug|x64
		{07E88302-5459-4373-9CB9-602D804E1DBA}.Debug|x86.ActiveCfg = Debug|Win32
		{07E88302-5459-4373-9CB9-602D804E1DBA}.Debug|x86.Build.0 = Debug|Win32
		{07E88302-5459-4373-9CB9-602D804E1DBA}.Release|Any CPU.ActiveCfg = Release|x64
		{07E88302-5459-4373-9CB9-602D804E1DBA}.Release|Any CPU.Build.0 = Release|x64
		{07E88302-5459-4373-9CB9-602D804E1DBA}.Release|x64.ActiveCfg = Release|x64
		{07E88302-5459-4373-9CB9-602D804E1DBA}.Release|x64.Build.0 = Release|x64
		{07E88302-5459-4373-9CB9-602D804E1DBA}.Release|x86.ActiveCfg = Release|Win32
		{07E88302-5459-4373-9CB9-602D804E1DBA}.Release|x86.Build.0 = Release|Win32
		{7FD2F9BB-6B20-409E-948D-04D5C5E6E6A9}.Debug|Any CPU.ActiveCfg = Debug|x64
		{7FD2F9BB-6B20-409E-948D-04D5C5E6E6A9}.Debug|Any CPU.Build.0 = Debug|x64
		{7FD2F9BB-6B20-409E-948D-04D5C5E6E6A9}.Debug|x64.ActiveCfg = Debug|x64
		{7FD2F9BB-6B20-409E-948D-04D5C5E6E6A9}.Debug|x64.Build.0 = Debug|x64
		{7FD2F9BB-6B20-409E-948D-04D5C5E6E6A9}.Debug|x86.ActiveCfg = Debug|Win32
		{7FD2F9BB-6B20-409E-948D-04D5C5E6E6A9}.Debug|x86.Build.0 = Debug|Win32
		{7FD2F9BB-6B20-409E-948D-04D5C5E6E6A9}.Release|Any CPU.ActiveCfg = Release|x64
		{7FD2F9BB-6B20-409E-948D-04D5C5E6E6A9}.Release|Any CPU.Build.0 = Release|x64
		{7FD2F9BB-6B20-409E-948D-04D5C5E6E6A9}.Release|x64.ActiveCfg = Release|x64
		{7FD2F9BB-6B20-409E-948D-04D5C5E6E6A9}.Release|x64.Build.0 = Release|x64
		{7FD2F9BB-6B20-409E-948D-04D5C5E6E6A9}.Release|x86.ActiveCfg = Release|Win32
		{7FD2F9BB-6B20-409E-948D-04D5C5E6E6A9}.Release|x86.Build.0 = Release|Win32
		{B0743404-62A7-40E5-BE7E-C14F56AE5BDF}.Debug|Any CPU.ActiveCfg = Debug|x64
		{B0743404-62A7-40E5-BE7E-C14F56AE5BDF}.Debug|Any CPU.Build.0 = Debug|x64
		{B0743404-62A7-40E5-BE7E-C14F56AE5BDF}.Debug|x64.ActiveCfg = Debug|x64
		{B0743404-62A7-40E5-BE7E-C14F56AE5BDF}.Debug|x64.Build.0 = Debug|x64
		{B0743404-62A7-40E5-BE7E-C14F56AE5BDF}.Debug|x86.ActiveCfg = Debug|Win32
		{B0743404-62A7-40E5-BE7E-C14F56AE5BDF}.Debug|x86.Build.0 = Debug|Win32
		{B0743404-62A7-40E5-BE7E-C14F56AE5BDF}.Release|Any CPU.ActiveCfg = Release|x64
		{B0743404-62A7-40E5-BE7E-C14F56AE5BDF}.Release|Any CPU.Build.0 = Release|x64
		{B0743404-62A7-40E5-BE7E-C14F56AE5BDF}.Release|x64.ActiveCfg = Release|x64
		{B0743404-62A7-40E5-BE7E-C14F56AE5BDF}.Release|x64.Build.0 = Release|x64
		{B0743404-62A7-40E5-BE7E-C14F56AE5BDF}.Release|x86.ActiveCfg = Release|Win32
		{B0743404-62A7-40E5-BE7E-C14F56AE5BDF}.Release|x86.Build.0 = Release|Win32
		{071CA17C-5ADE-492C-AB89-6452E5A6E722}.Debug|Any CPU.ActiveCfg = Debug|x64
		{071CA17C-5ADE-492C-AB89-6452E5A6E722}.Debug|Any CPU.Build.0 = Debug|x64
		{071CA17C-5ADE-492C-AB89-6452E5A6E722}.Debug|x64.ActiveCfg = Debug|x64
		{071CA17C-5ADE-492C-AB89-6452E5A6E722}.Debug|x64.Build.0 = Debug|x64
		{071CA17C-5ADE-492C-AB89-6452E5A6E722}.Debug|x86.ActiveCfg = Debug|Win32
		{071CA17C-5ADE-492C-AB89-6452E5A6E722}.Debug|x86.Build.0 = Debug|Win32
		{071CA17C-5ADE-492C-AB89-6452E5A6E722}.Release|Any CPU.ActiveCfg = Release|x64
		{071CA17C-5ADE-492C-AB89-6452E5A6E722}.Release|Any CPU.Build.0 = Release|x64
		{071CA17C-5ADE-492C-AB89-6452E5A6E722}.Release|x64.ActiveCfg = Release|x64
		{071CA17C-5ADE-492C-AB89-6452E5A6E722}.Release|x64.Build.0 = Release|x64
		{071CA17C-5ADE-492C-AB89-6452E5A6E722}.Release|x86.ActiveCfg = Release|Win32
		{071CA17C-5ADE-492C-AB89-6452E5A6E722}.Release|x86.Build.0 = Release|Win32
		{DE60C4FB-2501-455D-BE7A-82E46DAF034E}.Debug|Any CPU.ActiveCfg = Debug|x64
		{DE60C4FB-2501-455D-BE7A-82E46DAF034E}.Debug|Any CPU.Build.0 = Debug|x64
		{DE60C4FB-2501-455D-BE7A-82E46DAF034E}.Debug|x64.ActiveCfg = Debug|x64
		{DE60C4FB-2501-455D-BE7A-82E46DAF034E}.Debug|x64.Build.0 = Debug|x64
		{DE60C4FB-2501-455D-BE7A-82E46DAF034E}.Debug|x86.ActiveCfg = Debug|Win32
		{DE60C4FB-2501-455D-BE7A-82E46DAF034E}.Debug|x86.Build.0 = Debug|Win32
		{DE60C4FB-2501-455D-BE7A-82E46DAF034E}.Release|Any CPU.ActiveCfg = Release|x64
		{DE60C4FB-2501-455D-BE7A-82E46DAF034E}.Release|Any CPU.Build.0 = Release|x64
		{DE60C4FB-2501-455D-BE7A-82E46DAF034E}.Release|x64.ActiveCfg = Release|x64
		{DE60C4FB-2501-455D-BE7A-82E46DAF034E}.Release|x64.Build.0 = Release|x64
		{DE60C4FB-2501-455D-BE7A-82E46DAF034E}.Release|x86.ActiveCfg = Release|Win32
		{DE60C4FB-2501-455D-BE7A-82E46DAF034E}.Release|x86.Build.0 = Release|Win32
		{A1EC8B1E-6A8D-4C24-9F77-B44103A3778B}.Debug|Any CPU.ActiveCfg = Debug|x64
		{A1EC8B1E-6A8D-4C24-9F77-B44103A3778B}.Debug|Any CPU.Build.0 = Debug|x64
		{A1EC8B1E-6A8D-4C24-9F77-B44103A3778B}.Debug|x64.ActiveCfg = Debug|x64
		{A1EC8B1E-6A8D-4C24-9F77-B44103A3778B}.Debug|x64.Build.0 = Debug|x64
		{A1EC8B1E-6A8D-4C24-9F77-B44103A3778B}.Debug|x86.ActiveCfg = Debug|Win32
		{A1EC8B1E-6A8D-4C24-9F77-B44103A3778B}.Debug|x86.Build.0 = Debug|Win32
		{A1EC8B1E-6A8D-4C24-9F77-B44103A3778B}.Release|Any CPU.ActiveCfg = Release|x64
		{A1EC8B1E-6A8D-4C24-9F77-B44103A3778B}.Release|Any CPU.Build.0 = Release|x64
		{A1EC8B1E-6A8D-4C24-9F77-B44103A3778B}.Release|x64.ActiveCfg = Release|x64
		{A1EC8B1E-6A8D-4C24-9F77-B44103A3778B}.Release|x64.Build.0 = Release|x64
		{A1EC8B1E-6A8D-4C24-9F77-B44103A3778B}.Release|x86.ActiveCfg = Release|Win32
		{A1EC8B1E-6A8D-4C24-9F77-B44103A3778B}.Release|x86.Build.0 = Release|Win32
		{528FD715-6B62-459C-BB0E-01FE1AC95F13}.Debug|Any CPU.ActiveCfg = Debug|x64
		{528FD715-6B62-459C-BB0E-01FE1AC95F13}.Debug|Any CPU.Build.0 = Debug|x64
		{528FD715-6B62-459C-BB0E-01FE1AC95F13}.Debug|x64.ActiveCfg = Debug|x64
		{528FD715-6B62-459C-BB0E-01FE1AC95F13}.Debug|x64.Build.0 = Debug|x64
		{528FD715-6B62-459C-BB0E-01FE1AC95F13}.Debug|x86.ActiveCfg = Debug|Win32
		{528FD715-6B62-459C-BB0E-01FE1AC95F13}.Debug|x86.Build.0 = Debug|Win32
		{528FD715-6B62-459C-BB0E-01FE1AC95F13}.Release|Any CPU.ActiveCfg = Release|x64
		{528FD715-6B62-459C-BB0E-01FE1AC95F13}.Release|Any CPU.Build.0 = Release|x64
		{528FD715-6B62-459C-BB0E-01FE1AC95F13}.Release|x64.ActiveCfg = Release|x64
		{528FD715-6B62-459C-BB0E-01FE1AC95F13}.Release|x64.Build.0 = Release|x64
		{528FD715-6B62-459C-BB0E-01FE1AC95F13}.Release|x86.ActiveCfg = Release|Win32
		{528FD715-6B62-459C-BB0E-01FE1AC95F13}.Release|x86.Build.0 = Release|Win32
		{CB98DE4E-28F8-4983-91B9-D5C179E97364}.Debug|Any CPU.ActiveCfg = Debug|x64
		{CB98DE4E-28F8-4983-91B9-D5C179E97364}.Debug|x64.ActiveCfg = Debug|x64
		{CB98DE4E-28F8-4983-91B9-D5C179E97364}.Debug|x64.Build.0 = Debug|x64
		{CB98DE4E-28F8-4983-91B9-D5C179E97364}.Debug|x86.ActiveCfg = Debug|Win32
		{CB98DE4E-28F8-4983-91B9-D5C179E97364}.Debug|x86.Build.0 = Debug|Win32
		{CB98DE4E-28F8-4983-91B9-D5C179E97364}.Release|Any CPU.ActiveCfg = Release|x64
		{CB98DE4E-28F8-4983-91B9-D5C179E97364}.Release|x64.ActiveCfg = Release|x64
		{CB98DE4E-28F8-4983-91B9-D5C179E97364}.Release|x64.Build.0 = Release|x64
		{CB98DE4E-28F8-4983-91B9-D5C179E97364}.Release|x86.ActiveCfg = Release|Win32
		{CB98DE4E-28F8-4983-91B9-D5C179E97364}.Release|x86.Build.0 = Release|Win32
		{6102B2F6-1B9A-47E7-8A88-AF8D8C44FAA8}.Debug|Any CPU.ActiveCfg = Debug|x64
		{6102B2F6-1B9A-47E7-8A88-AF8D8C44FAA8}.Debug|Any CPU.Build.0 = Debug|x64
		{6102B2F6-1B9A-47E7-8A88-AF8D8C44FAA8}.Debug|x64.ActiveCfg = Debug|x64
		{6102B2F6-1B9A-47E7-8A88-AF8D8C44FAA8}.Debug|x64.Build.0 = Debug|x64
		{6102B2F6-1B9A-47E7-8A88-AF8D8C44FAA8}.Debug|x86.ActiveCfg = Debug|Win32
		{6102B2F6-1B9A-47E7-8A88-AF8D8C44FAA8}.Debug|x86.Build.0 = Debug|Win32
		{6102B2F6-1B9A-47E7-8A88-AF8D8C44FAA8}.Release|Any CPU.ActiveCfg = Release|x64
		{6102B2F6-1B9A-47E7-8A88-AF8D8C44FAA8}.Release|Any CPU.Build.0 = Release|x64
		{6102B2F6-1B9A-47E7-8A88-AF8D8C44FAA8}.Release|x64.ActiveCfg = Release|x64
		{6102B2F6-1B9A-47E7-8A88-AF8D8C44FAA8}.Release|x64.Build.0 = Release|x64
		{6102B2F6-1B9A-47E7-8A88-AF8D8C44FAA8}.Release|x86.ActiveCfg = Release|Win32
		{6102B2F6-1B9A-47E7-8A88-AF8D8C44FAA8}.Release|x86.Build.0 = Release|Win32
	EndGlobalSection
	GlobalSection(SolutionProperties) = preSolution
		HideSolutionNode = FALSE
	EndGlobalSection
	GlobalSection(NestedProjects) = preSolution
		{1C455CFF-A48B-435B-93E4-1F6118F3376C} = {89DDDCE0-F344-4B26-8A1C-97899AEFBE95}
		{5A255DD3-8AAD-4EB7-9FA8-8065A0B9EA82} = {5E2D3E0F-3BAB-463F-A9F1-745A90617C24}
		{7C46893E-1B68-4F7D-B113-A639C1B9AC93} = {89DDDCE0-F344-4B26-8A1C-97899AEFBE95}
		{0F71496C-9D63-453A-9DE9-1922862E0FC1} = {89DDDCE0-F344-4B26-8A1C-97899AEFBE95}
		{07E88302-5459-4373-9CB9-602D804E1DBA} = {89DDDCE0-F344-4B26-8A1C-97899AEFBE95}
		{7FD2F9BB-6B20-409E-948D-04D5C5E6E6A9} = {89DDDCE0-F344-4B26-8A1C-97899AEFBE95}
		{B0743404-62A7-40E5-BE7E-C14F56AE5BDF} = {89DDDCE0-F344-4B26-8A1C-97899AEFBE95}
		{071CA17C-5ADE-492C-AB89-6452E5A6E722} = {89DDDCE0-F344-4B26-8A1C-97899AEFBE95}
		{DE60C4FB-2501-455D-BE7A-82E46DAF034E} = {89DDDCE0-F344-4B26-8A1C-97899AEFBE95}
		{A1EC8B1E-6A8D-4C24-9F77-B44103A3778B} = {89DDDCE0-F344-4B26-8A1C-97899AEFBE95}
		{528FD715-6B62-459C-BB0E-01FE1AC95F13} = {89DDDCE0-F344-4B26-8A1C-97899AEFBE95}
		{CB98DE4E-28F8-4983-91B9-D5C179E97364} = {11DF3D31-753D-403A-AB77-E1808D168FDD}
		{6102B2F6-1B9A-47E7-8A88-AF8D8C44FAA8} = {89DDDCE0-F344-4B26-8A1C-97899AEFBE95}
	EndGlobalSection
	GlobalSection(ExtensibilityGlobals) = postSolution
		SolutionGuid = {EC77C033-016B-4290-AD3B-D4D2CD892790}
		VisualSVNWorkingCopyRoot = .
	EndGlobalSection
EndGlobal
